
Microsoft Visual Studio Solution File, Format Version 12.00
# Visual Studio Version 17
VisualStudioVersion = 17.3.32929.385
MinimumVisualStudioVersion = 10.0.40219.1
Project("{8BC9CEB8-8B4A-11D0-8D11-00A0C91BC942}") = "Projet4", "Projet4.vcxproj", "{0DA9EDB8-C36D-4419-BF90-0B35C2066BFD}"
EndProject
Global
	GlobalSection(SolutionConfigurationPlatforms) = preSolution
		Debug|x64 = Debug|x64
		Debug|x86 = Debug|x86
		Release|x64 = Release|x64
		Release|x86 = Release|x86
	EndGlobalSection
	GlobalSection(ProjectConfigurationPlatforms) = postSolution
		{0DA9EDB8-C36D-4419-BF90-0B35C2066BFD}.Debug|x64.ActiveCfg = Debug|x64
		{0DA9EDB8-C36D-4419-BF90-0B35C2066BFD}.Debug|x64.Build.0 = Debug|x64
		{0DA9EDB8-C36D-4419-BF90-0B35C2066BFD}.Debug|x86.ActiveCfg = Debug|Win32
		{0DA9EDB8-C36D-4419-BF90-0B35C2066BFD}.Debug|x86.Build.0 = Debug|Win32
		{0DA9EDB8-C36D-4419-BF90-0B35C2066BFD}.Release|x64.ActiveCfg = Release|x64
		{0DA9EDB8-C36D-4419-BF90-0B35C2066BFD}.Release|x64.Build.0 = Release|x64
		{0DA9EDB8-C36D-4419-BF90-0B35C2066BFD}.Release|x86.ActiveCfg = Release|Win32
		{0DA9EDB8-C36D-4419-BF90-0B35C2066BFD}.Release|x86.Build.0 = Release|Win32
	EndGlobalSection
	GlobalSection(SolutionProperties) = preSolution
		HideSolutionNode = FALSE
	EndGlobalSection
	GlobalSection(ExtensibilityGlobals) = postSolution
		SolutionGuid = {05594567-82AA-4BE4-ADF2-7D598B2C90D9}
	EndGlobalSection
EndGlobal
